
Microsoft Visual Studio Solution File, Format Version 12.00
# Visual Studio Version 17
VisualStudioVersion = 17.0.31903.59
MinimumVisualStudioVersion = 10.0.40219.1
Project("{FAE04EC0-301F-11D3-BF4B-00C04F79EFBC}") = "App", "src\App\App.csproj", "{C8D9C77B-93AC-44BF-B11A-0E7B969B27D2}"
EndProject
Project("{FAE04EC0-301F-11D3-BF4B-00C04F79EFBC}") = "Core", "src\Core\Core.csproj", "{01BCA00C-A36C-496C-A845-E0DF3A08EBEF}"
EndProject
Project("{FAE04EC0-301F-11D3-BF4B-00C04F79EFBC}") = "EventBus.Rabbit", "src\EventBus.Rabbit\EventBus.Rabbit.csproj", "{4A0C6BA7-6429-4771-AE0E-7558DE910F94}"
EndProject
Project("{FAE04EC0-301F-11D3-BF4B-00C04F79EFBC}") = "Foundation", "src\Foundation\Foundation.csproj", "{08839E2D-6C3E-41CE-9689-7C38A6AAE31C}"
EndProject
Project("{FAE04EC0-301F-11D3-BF4B-00C04F79EFBC}") = "Messages.Kafka", "src\Messages.Kafka\Messages.Kafka.csproj", "{BDF3982D-4035-4508-9209-2DDC4553DD5E}"
EndProject
Project("{FAE04EC0-301F-11D3-BF4B-00C04F79EFBC}") = "Messages.Kafka.Tests", "test\Messages.Kafka.Tests\Messages.Kafka.Tests.csproj", "{B29A859D-3F33-49AA-BD75-5EFBCBA75BB9}"
EndProject
Project("{FAE04EC0-301F-11D3-BF4B-00C04F79EFBC}") = "Core.Tests", "test\Core.Tests\Core.Tests.csproj", "{B7F1E4AE-383A-4853-AFE0-48C53E45521D}"
EndProject
Project("{FAE04EC0-301F-11D3-BF4B-00C04F79EFBC}") = "Kafka.LinqToKafka", "src\Kafka.LinqToKafka\Kafka.LinqToKafka.csproj", "{82DA9F73-7246-4418-8464-843849E93D93}"
EndProject
Project("{FAE04EC0-301F-11D3-BF4B-00C04F79EFBC}") = "Kafka.LinqToKafka.Tests", "test\Kafka.LinqToKafka.Tests\Kafka.LinqToKafka.Tests.csproj", "{F69B9404-E85D-47EC-B81D-6948383F374D}"
EndProject
Global
	GlobalSection(SolutionConfigurationPlatforms) = preSolution
		Debug|Any CPU = Debug|Any CPU
		Release|Any CPU = Release|Any CPU
	EndGlobalSection
	GlobalSection(SolutionProperties) = preSolution
		HideSolutionNode = FALSE
	EndGlobalSection
	GlobalSection(ProjectConfigurationPlatforms) = postSolution
		{C8D9C77B-93AC-44BF-B11A-0E7B969B27D2}.Debug|Any CPU.ActiveCfg = Debug|Any CPU
		{C8D9C77B-93AC-44BF-B11A-0E7B969B27D2}.Debug|Any CPU.Build.0 = Debug|Any CPU
		{C8D9C77B-93AC-44BF-B11A-0E7B969B27D2}.Release|Any CPU.ActiveCfg = Release|Any CPU
		{C8D9C77B-93AC-44BF-B11A-0E7B969B27D2}.Release|Any CPU.Build.0 = Release|Any CPU
		{01BCA00C-A36C-496C-A845-E0DF3A08EBEF}.Debug|Any CPU.ActiveCfg = Debug|Any CPU
		{01BCA00C-A36C-496C-A845-E0DF3A08EBEF}.Debug|Any CPU.Build.0 = Debug|Any CPU
		{01BCA00C-A36C-496C-A845-E0DF3A08EBEF}.Release|Any CPU.ActiveCfg = Release|Any CPU
		{01BCA00C-A36C-496C-A845-E0DF3A08EBEF}.Release|Any CPU.Build.0 = Release|Any CPU
		{4A0C6BA7-6429-4771-AE0E-7558DE910F94}.Debug|Any CPU.ActiveCfg = Debug|Any CPU
		{4A0C6BA7-6429-4771-AE0E-7558DE910F94}.Debug|Any CPU.Build.0 = Debug|Any CPU
		{4A0C6BA7-6429-4771-AE0E-7558DE910F94}.Release|Any CPU.ActiveCfg = Release|Any CPU
		{4A0C6BA7-6429-4771-AE0E-7558DE910F94}.Release|Any CPU.Build.0 = Release|Any CPU
		{08839E2D-6C3E-41CE-9689-7C38A6AAE31C}.Debug|Any CPU.ActiveCfg = Debug|Any CPU
		{08839E2D-6C3E-41CE-9689-7C38A6AAE31C}.Debug|Any CPU.Build.0 = Debug|Any CPU
		{08839E2D-6C3E-41CE-9689-7C38A6AAE31C}.Release|Any CPU.ActiveCfg = Release|Any CPU
		{08839E2D-6C3E-41CE-9689-7C38A6AAE31C}.Release|Any CPU.Build.0 = Release|Any CPU
		{BDF3982D-4035-4508-9209-2DDC4553DD5E}.Debug|Any CPU.ActiveCfg = Debug|Any CPU
		{BDF3982D-4035-4508-9209-2DDC4553DD5E}.Debug|Any CPU.Build.0 = Debug|Any CPU
		{BDF3982D-4035-4508-9209-2DDC4553DD5E}.Release|Any CPU.ActiveCfg = Release|Any CPU
		{BDF3982D-4035-4508-9209-2DDC4553DD5E}.Release|Any CPU.Build.0 = Release|Any CPU
		{B29A859D-3F33-49AA-BD75-5EFBCBA75BB9}.Debug|Any CPU.ActiveCfg = Debug|Any CPU
		{B29A859D-3F33-49AA-BD75-5EFBCBA75BB9}.Debug|Any CPU.Build.0 = Debug|Any CPU
		{B29A859D-3F33-49AA-BD75-5EFBCBA75BB9}.Release|Any CPU.ActiveCfg = Release|Any CPU
		{B29A859D-3F33-49AA-BD75-5EFBCBA75BB9}.Release|Any CPU.Build.0 = Release|Any CPU
		{B7F1E4AE-383A-4853-AFE0-48C53E45521D}.Debug|Any CPU.ActiveCfg = Debug|Any CPU
		{B7F1E4AE-383A-4853-AFE0-48C53E45521D}.Debug|Any CPU.Build.0 = Debug|Any CPU
		{B7F1E4AE-383A-4853-AFE0-48C53E45521D}.Release|Any CPU.ActiveCfg = Release|Any CPU
		{B7F1E4AE-383A-4853-AFE0-48C53E45521D}.Release|Any CPU.Build.0 = Release|Any CPU
		{82DA9F73-7246-4418-8464-843849E93D93}.Debug|Any CPU.ActiveCfg = Debug|Any CPU
		{82DA9F73-7246-4418-8464-843849E93D93}.Debug|Any CPU.Build.0 = Debug|Any CPU
		{82DA9F73-7246-4418-8464-843849E93D93}.Release|Any CPU.ActiveCfg = Release|Any CPU
		{82DA9F73-7246-4418-8464-843849E93D93}.Release|Any CPU.Build.0 = Release|Any CPU
		{F69B9404-E85D-47EC-B81D-6948383F374D}.Debug|Any CPU.ActiveCfg = Debug|Any CPU
		{F69B9404-E85D-47EC-B81D-6948383F374D}.Debug|Any CPU.Build.0 = Debug|Any CPU
		{F69B9404-E85D-47EC-B81D-6948383F374D}.Release|Any CPU.ActiveCfg = Release|Any CPU
		{F69B9404-E85D-47EC-B81D-6948383F374D}.Release|Any CPU.Build.0 = Release|Any CPU
	EndGlobalSection
EndGlobal
