
Microsoft Visual Studio Solution File, Format Version 12.00
# Visual Studio Version 17
VisualStudioVersion = 17.0.31903.59
MinimumVisualStudioVersion = 10.0.40219.1
Project("{FAE04EC0-301F-11D3-BF4B-00C04F79EFBC}") = "Foundation", "src\Foundation.csproj", "{AF22DE5E-08A4-40D3-98D6-DDD834A3A2AF}"
EndProject
Project("{FAE04EC0-301F-11D3-BF4B-00C04F79EFBC}") = "Foundation.Extensions.Configuration", "Foundation.Extensions.Configuration\Foundation.Extensions.Configuration.csproj", "{B76763C0-E3B1-48FD-8112-CC092654A39A}"
EndProject
Global
	GlobalSection(SolutionConfigurationPlatforms) = preSolution
		Debug|Any CPU = Debug|Any CPU
		Release|Any CPU = Release|Any CPU
	EndGlobalSection
	GlobalSection(SolutionProperties) = preSolution
		HideSolutionNode = FALSE
	EndGlobalSection
	GlobalSection(ProjectConfigurationPlatforms) = postSolution
		{AF22DE5E-08A4-40D3-98D6-DDD834A3A2AF}.Debug|Any CPU.ActiveCfg = Debug|Any CPU
		{AF22DE5E-08A4-40D3-98D6-DDD834A3A2AF}.Debug|Any CPU.Build.0 = Debug|Any CPU
		{AF22DE5E-08A4-40D3-98D6-DDD834A3A2AF}.Release|Any CPU.ActiveCfg = Release|Any CPU
		{AF22DE5E-08A4-40D3-98D6-DDD834A3A2AF}.Release|Any CPU.Build.0 = Release|Any CPU
		{B76763C0-E3B1-48FD-8112-CC092654A39A}.Debug|Any CPU.ActiveCfg = Debug|Any CPU
		{B76763C0-E3B1-48FD-8112-CC092654A39A}.Debug|Any CPU.Build.0 = Debug|Any CPU
		{B76763C0-E3B1-48FD-8112-CC092654A39A}.Release|Any CPU.ActiveCfg = Release|Any CPU
		{B76763C0-E3B1-48FD-8112-CC092654A39A}.Release|Any CPU.Build.0 = Release|Any CPU
	EndGlobalSection
EndGlobal
