
Microsoft Visual Studio Solution File, Format Version 12.00
# Visual Studio Version 17
VisualStudioVersion = 17.0.31903.59
MinimumVisualStudioVersion = 10.0.40219.1
Project("{FAE04EC0-301F-11D3-BF4B-00C04F79EFBC}") = "App", "src\App\App.csproj", "{C8D9C77B-93AC-44BF-B11A-0E7B969B27D2}"
EndProject
Project("{FAE04EC0-301F-11D3-BF4B-00C04F79EFBC}") = "Core", "src\Core\Core.csproj", "{01BCA00C-A36C-496C-A845-E0DF3A08EBEF}"
EndProject
Project("{FAE04EC0-301F-11D3-BF4B-00C04F79EFBC}") = "Messages.Kafka", "src\Messages.Kafka\Messages.Kafka.csproj", "{BDF3982D-4035-4508-9209-2DDC4553DD5E}"
EndProject
Project("{FAE04EC0-301F-11D3-BF4B-00C04F79EFBC}") = "Messages.Kafka.Tests", "test\Messages.Kafka.Tests\Messages.Kafka.Tests.csproj", "{B29A859D-3F33-49AA-BD75-5EFBCBA75BB9}"
EndProject
Project("{FAE04EC0-301F-11D3-BF4B-00C04F79EFBC}") = "Core.Tests", "test\Core.Tests\Core.Tests.csproj", "{B7F1E4AE-383A-4853-AFE0-48C53E45521D}"
EndProject
Project("{FAE04EC0-301F-11D3-BF4B-00C04F79EFBC}") = "Kafka.LinqToKafka", "src\Kafka.LinqToKafka\Kafka.LinqToKafka.csproj", "{82DA9F73-7246-4418-8464-843849E93D93}"
EndProject
Project("{FAE04EC0-301F-11D3-BF4B-00C04F79EFBC}") = "Kafka.LinqToKafka.Tests", "test\Kafka.LinqToKafka.Tests\Kafka.LinqToKafka.Tests.csproj", "{F69B9404-E85D-47EC-B81D-6948383F374D}"
EndProject
Project("{2150E333-8FDC-42A3-9474-1A3956D46DE8}") = "src", "src", "{980D2A28-2BCA-4405-927E-DABD6DD0060E}"
EndProject
Project("{2150E333-8FDC-42A3-9474-1A3956D46DE8}") = "test", "test", "{FE0188EB-0425-4AE4-86B9-39B0DB56FBC4}"
EndProject
Global
	GlobalSection(SolutionConfigurationPlatforms) = preSolution
		Debug|Any CPU = Debug|Any CPU
		Release|Any CPU = Release|Any CPU
	EndGlobalSection
	GlobalSection(SolutionProperties) = preSolution
		HideSolutionNode = FALSE
	EndGlobalSection
	GlobalSection(ProjectConfigurationPlatforms) = postSolution
		{C8D9C77B-93AC-44BF-B11A-0E7B969B27D2}.Debug|Any CPU.ActiveCfg = Debug|Any CPU
		{C8D9C77B-93AC-44BF-B11A-0E7B969B27D2}.Debug|Any CPU.Build.0 = Debug|Any CPU
		{C8D9C77B-93AC-44BF-B11A-0E7B969B27D2}.Release|Any CPU.ActiveCfg = Release|Any CPU
		{C8D9C77B-93AC-44BF-B11A-0E7B969B27D2}.Release|Any CPU.Build.0 = Release|Any CPU
		{01BCA00C-A36C-496C-A845-E0DF3A08EBEF}.Debug|Any CPU.ActiveCfg = Debug|Any CPU
		{01BCA00C-A36C-496C-A845-E0DF3A08EBEF}.Debug|Any CPU.Build.0 = Debug|Any CPU
		{01BCA00C-A36C-496C-A845-E0DF3A08EBEF}.Release|Any CPU.ActiveCfg = Release|Any CPU
		{01BCA00C-A36C-496C-A845-E0DF3A08EBEF}.Release|Any CPU.Build.0 = Release|Any CPU
		{BDF3982D-4035-4508-9209-2DDC4553DD5E}.Debug|Any CPU.ActiveCfg = Debug|Any CPU
		{BDF3982D-4035-4508-9209-2DDC4553DD5E}.Debug|Any CPU.Build.0 = Debug|Any CPU
		{BDF3982D-4035-4508-9209-2DDC4553DD5E}.Release|Any CPU.ActiveCfg = Release|Any CPU
		{BDF3982D-4035-4508-9209-2DDC4553DD5E}.Release|Any CPU.Build.0 = Release|Any CPU
		{B29A859D-3F33-49AA-BD75-5EFBCBA75BB9}.Debug|Any CPU.ActiveCfg = Debug|Any CPU
		{B29A859D-3F33-49AA-BD75-5EFBCBA75BB9}.Debug|Any CPU.Build.0 = Debug|Any CPU
		{B29A859D-3F33-49AA-BD75-5EFBCBA75BB9}.Release|Any CPU.ActiveCfg = Release|Any CPU
		{B29A859D-3F33-49AA-BD75-5EFBCBA75BB9}.Release|Any CPU.Build.0 = Release|Any CPU
		{B7F1E4AE-383A-4853-AFE0-48C53E45521D}.Debug|Any CPU.ActiveCfg = Debug|Any CPU
		{B7F1E4AE-383A-4853-AFE0-48C53E45521D}.Debug|Any CPU.Build.0 = Debug|Any CPU
		{B7F1E4AE-383A-4853-AFE0-48C53E45521D}.Release|Any CPU.ActiveCfg = Release|Any CPU
		{B7F1E4AE-383A-4853-AFE0-48C53E45521D}.Release|Any CPU.Build.0 = Release|Any CPU
		{82DA9F73-7246-4418-8464-843849E93D93}.Debug|Any CPU.ActiveCfg = Debug|Any CPU
		{82DA9F73-7246-4418-8464-843849E93D93}.Debug|Any CPU.Build.0 = Debug|Any CPU
		{82DA9F73-7246-4418-8464-843849E93D93}.Release|Any CPU.ActiveCfg = Release|Any CPU
		{82DA9F73-7246-4418-8464-843849E93D93}.Release|Any CPU.Build.0 = Release|Any CPU
		{F69B9404-E85D-47EC-B81D-6948383F374D}.Debug|Any CPU.ActiveCfg = Debug|Any CPU
		{F69B9404-E85D-47EC-B81D-6948383F374D}.Debug|Any CPU.Build.0 = Debug|Any CPU
		{F69B9404-E85D-47EC-B81D-6948383F374D}.Release|Any CPU.ActiveCfg = Release|Any CPU
		{F69B9404-E85D-47EC-B81D-6948383F374D}.Release|Any CPU.Build.0 = Release|Any CPU
	EndGlobalSection
	GlobalSection(NestedProjects) = preSolution
		{C8D9C77B-93AC-44BF-B11A-0E7B969B27D2} = {980D2A28-2BCA-4405-927E-DABD6DD0060E}
		{01BCA00C-A36C-496C-A845-E0DF3A08EBEF} = {980D2A28-2BCA-4405-927E-DABD6DD0060E}
		{82DA9F73-7246-4418-8464-843849E93D93} = {980D2A28-2BCA-4405-927E-DABD6DD0060E}
		{BDF3982D-4035-4508-9209-2DDC4553DD5E} = {980D2A28-2BCA-4405-927E-DABD6DD0060E}
		{B7F1E4AE-383A-4853-AFE0-48C53E45521D} = {FE0188EB-0425-4AE4-86B9-39B0DB56FBC4}
		{F69B9404-E85D-47EC-B81D-6948383F374D} = {FE0188EB-0425-4AE4-86B9-39B0DB56FBC4}
		{B29A859D-3F33-49AA-BD75-5EFBCBA75BB9} = {FE0188EB-0425-4AE4-86B9-39B0DB56FBC4}
	EndGlobalSection
EndGlobal
