
Microsoft Visual Studio Solution File, Format Version 12.00
Project("{FAE04EC0-301F-11D3-BF4B-00C04F79EFBC}") = "App", "src\App\App.csproj", "{06B0246D-D765-4884-A433-EDB0F870327D}"
EndProject
Project("{FAE04EC0-301F-11D3-BF4B-00C04F79EFBC}") = "Mistral", "src\Mistral\Mistral.csproj", "{1EA46C25-F0A2-4A37-87EE-FA537ACADD39}"
EndProject
Project("{FAE04EC0-301F-11D3-BF4B-00C04F79EFBC}") = "Foundation", "src\Foundation\Foundation.csproj", "{7FF75E81-D967-43E9-A282-3B59D3C3BD5C}"
EndProject
Project("{FAE04EC0-301F-11D3-BF4B-00C04F79EFBC}") = "Core", "src\Core\Core.csproj", "{6FB7E720-7FCF-4991-8037-4FCBAEC8ACB2}"
EndProject
Project("{FAE04EC0-301F-11D3-BF4B-00C04F79EFBC}") = "Messages.Kafka", "src\Messages.Kafka\Messages.Kafka.csproj", "{1FFB1B11-4318-4F36-BCFB-54C1FA2A7484}"
EndProject
Project("{FAE04EC0-301F-11D3-BF4B-00C04F79EFBC}") = "Messages.Abstractions", "src\Messages.Abstractions\Messages.Abstractions.csproj", "{A83B231B-A11C-4F33-9B96-A795F166D8AC}"
EndProject
Global
	GlobalSection(SolutionConfigurationPlatforms) = preSolution
		Debug|Any CPU = Debug|Any CPU
		Release|Any CPU = Release|Any CPU
	EndGlobalSection
	GlobalSection(ProjectConfigurationPlatforms) = postSolution
		{06B0246D-D765-4884-A433-EDB0F870327D}.Debug|Any CPU.ActiveCfg = Debug|Any CPU
		{06B0246D-D765-4884-A433-EDB0F870327D}.Debug|Any CPU.Build.0 = Debug|Any CPU
		{06B0246D-D765-4884-A433-EDB0F870327D}.Release|Any CPU.ActiveCfg = Release|Any CPU
		{06B0246D-D765-4884-A433-EDB0F870327D}.Release|Any CPU.Build.0 = Release|Any CPU
		{1EA46C25-F0A2-4A37-87EE-FA537ACADD39}.Debug|Any CPU.ActiveCfg = Debug|Any CPU
		{1EA46C25-F0A2-4A37-87EE-FA537ACADD39}.Debug|Any CPU.Build.0 = Debug|Any CPU
		{1EA46C25-F0A2-4A37-87EE-FA537ACADD39}.Release|Any CPU.ActiveCfg = Release|Any CPU
		{1EA46C25-F0A2-4A37-87EE-FA537ACADD39}.Release|Any CPU.Build.0 = Release|Any CPU
		{7FF75E81-D967-43E9-A282-3B59D3C3BD5C}.Debug|Any CPU.ActiveCfg = Debug|Any CPU
		{7FF75E81-D967-43E9-A282-3B59D3C3BD5C}.Debug|Any CPU.Build.0 = Debug|Any CPU
		{7FF75E81-D967-43E9-A282-3B59D3C3BD5C}.Release|Any CPU.ActiveCfg = Release|Any CPU
		{7FF75E81-D967-43E9-A282-3B59D3C3BD5C}.Release|Any CPU.Build.0 = Release|Any CPU
		{6FB7E720-7FCF-4991-8037-4FCBAEC8ACB2}.Debug|Any CPU.ActiveCfg = Debug|Any CPU
		{6FB7E720-7FCF-4991-8037-4FCBAEC8ACB2}.Debug|Any CPU.Build.0 = Debug|Any CPU
		{6FB7E720-7FCF-4991-8037-4FCBAEC8ACB2}.Release|Any CPU.ActiveCfg = Release|Any CPU
		{6FB7E720-7FCF-4991-8037-4FCBAEC8ACB2}.Release|Any CPU.Build.0 = Release|Any CPU
		{1FFB1B11-4318-4F36-BCFB-54C1FA2A7484}.Debug|Any CPU.ActiveCfg = Debug|Any CPU
		{1FFB1B11-4318-4F36-BCFB-54C1FA2A7484}.Debug|Any CPU.Build.0 = Debug|Any CPU
		{1FFB1B11-4318-4F36-BCFB-54C1FA2A7484}.Release|Any CPU.ActiveCfg = Release|Any CPU
		{1FFB1B11-4318-4F36-BCFB-54C1FA2A7484}.Release|Any CPU.Build.0 = Release|Any CPU
		{A83B231B-A11C-4F33-9B96-A795F166D8AC}.Debug|Any CPU.ActiveCfg = Debug|Any CPU
		{A83B231B-A11C-4F33-9B96-A795F166D8AC}.Debug|Any CPU.Build.0 = Debug|Any CPU
		{A83B231B-A11C-4F33-9B96-A795F166D8AC}.Release|Any CPU.ActiveCfg = Release|Any CPU
		{A83B231B-A11C-4F33-9B96-A795F166D8AC}.Release|Any CPU.Build.0 = Release|Any CPU
	EndGlobalSection
EndGlobal
